{
  "name": "CodingNotes",
  "version": "1.0.0",
  "lockfileVersion": 2,
  "requires": true,
  "packages": {
    "": {
      "name": "CodingNotes",
      "version": "1.0.0",
      "license": "BSD-2-Clause",
      "dependencies": {
        "@fortawesome/fontawesome-free": "^5.15.4",
        "marked": "^3.0.4"
      }
    },
    "node_modules/@fortawesome/fontawesome-free": {
      "version": "5.15.4",
      "resolved": "https://registry.npmjs.org/@fortawesome/fontawesome-free/-/fontawesome-free-5.15.4.tgz",
      "integrity": "sha512-eYm8vijH/hpzr/6/1CJ/V/Eb1xQFW2nnUKArb3z+yUWv7HTwj6M7SP957oMjfZjAHU6qpoNc2wQvIxBLWYa/Jg==",
      "hasInstallScript": true,
      "engines": {
        "node": ">=6"
      }
    },
    "node_modules/marked": {
      "version": "3.0.4",
      "resolved": "https://registry.npmjs.org/marked/-/marked-3.0.4.tgz",
      "integrity": "sha512-jBo8AOayNaEcvBhNobg6/BLhdsK3NvnKWJg33MAAPbvTWiG4QBn9gpW1+7RssrKu4K1dKlN+0goVQwV41xEfOA==",
      "bin": {
        "marked": "bin/marked"
      },
      "engines": {
        "node": ">= 12"
      }
    }
  },
  "dependencies": {
    "@fortawesome/fontawesome-free": {
      "version": "5.15.4",
      "resolved": "https://registry.npmjs.org/@fortawesome/fontawesome-free/-/fontawesome-free-5.15.4.tgz",
      "integrity": "sha512-eYm8vijH/hpzr/6/1CJ/V/Eb1xQFW2nnUKArb3z+yUWv7HTwj6M7SP957oMjfZjAHU6qpoNc2wQvIxBLWYa/Jg=="
    },
    "marked": {
      "version": "3.0.4",
      "resolved": "https://registry.npmjs.org/marked/-/marked-3.0.4.tgz",
      "integrity": "sha512-jBo8AOayNaEcvBhNobg6/BLhdsK3NvnKWJg33MAAPbvTWiG4QBn9gpW1+7RssrKu4K1dKlN+0goVQwV41xEfOA=="
    }
  }
}
